
Microsoft Visual Studio Solution File, Format Version 12.00
# Visual Studio Version 16
VisualStudioVersion = 16.0.31105.61
MinimumVisualStudioVersion = 10.0.40219.1
Project("{8BC9CEB8-8B4A-11D0-8D11-00A0C91BC942}") = "hw3_2", "hw3_2\hw3_2.vcxproj", "{EBF5E183-0BD3-45F1-8076-5B36CEB07D41}"
EndProject
Global
	GlobalSection(SolutionConfigurationPlatforms) = preSolution
		Debug|x64 = Debug|x64
		Debug|x86 = Debug|x86
		Release|x64 = Release|x64
		Release|x86 = Release|x86
	EndGlobalSection
	GlobalSection(ProjectConfigurationPlatforms) = postSolution
		{EBF5E183-0BD3-45F1-8076-5B36CEB07D41}.Debug|x64.ActiveCfg = Debug|x64
		{EBF5E183-0BD3-45F1-8076-5B36CEB07D41}.Debug|x64.Build.0 = Debug|x64
		{EBF5E183-0BD3-45F1-8076-5B36CEB07D41}.Debug|x86.ActiveCfg = Debug|Win32
		{EBF5E183-0BD3-45F1-8076-5B36CEB07D41}.Debug|x86.Build.0 = Debug|Win32
		{EBF5E183-0BD3-45F1-8076-5B36CEB07D41}.Release|x64.ActiveCfg = Release|x64
		{EBF5E183-0BD3-45F1-8076-5B36CEB07D41}.Release|x64.Build.0 = Release|x64
		{EBF5E183-0BD3-45F1-8076-5B36CEB07D41}.Release|x86.ActiveCfg = Release|Win32
		{EBF5E183-0BD3-45F1-8076-5B36CEB07D41}.Release|x86.Build.0 = Release|Win32
	EndGlobalSection
	GlobalSection(SolutionProperties) = preSolution
		HideSolutionNode = FALSE
	EndGlobalSection
	GlobalSection(ExtensibilityGlobals) = postSolution
		SolutionGuid = {27DF2D80-3A44-43B7-8074-07E1F4397AE0}
	EndGlobalSection
EndGlobal
